// !$*UTF8*$!
{
	archiveVersion = 1;
	classes = {
	};
	objectVersion = 46;
	objects = {

/* Begin PBXBuildFile section */
		6517895219A73BA000AE537B /* GCDViewController.m in Sources */ = {isa = PBXBuildFile; fileRef = 6517895119A73BA000AE537B /* GCDViewController.m */; };
		6517895619A7460F00AE537B /* NSoperationViewController.m in Sources */ = {isa = PBXBuildFile; fileRef = 6517895519A7460F00AE537B /* NSoperationViewController.m */; };
		65D57D7319A6DD8900E31F78 /* main.m in Sources */ = {isa = PBXBuildFile; fileRef = 65D57D7219A6DD8900E31F78 /* main.m */; };
		65D57D7619A6DD8900E31F78 /* AppDelegate.m in Sources */ = {isa = PBXBuildFile; fileRef = 65D57D7519A6DD8900E31F78 /* AppDelegate.m */; };
		65D57D7919A6DD8900E31F78 /* ViewController.m in Sources */ = {isa = PBXBuildFile; fileRef = 65D57D7819A6DD8900E31F78 /* ViewController.m */; };
		65D57D7C19A6DD8900E31F78 /* Main.storyboard in Resources */ = {isa = PBXBuildFile; fileRef = 65D57D7A19A6DD8900E31F78 /* Main.storyboard */; };
		65D57D7E19A6DD8900E31F78 /* Images.xcassets in Resources */ = {isa = PBXBuildFile; fileRef = 65D57D7D19A6DD8900E31F78 /* Images.xcassets */; };
		65D57D8A19A6DD8900E31F78 /* ThreadDemoTests.m in Sources */ = {isa = PBXBuildFile; fileRef = 65D57D8919A6DD8900E31F78 /* ThreadDemoTests.m */; };
		65D57D9619A6DDC000E31F78 /* ThreadViewController.m in Sources */ = {isa = PBXBuildFile; fileRef = 65D57D9519A6DDC000E31F78 /* ThreadViewController.m */; };
		65D57D9B19A6E73A00E31F78 /* FKAccount.m in Sources */ = {isa = PBXBuildFile; fileRef = 65D57D9A19A6E73A00E31F78 /* FKAccount.m */; };
		65D57D9E19A6EADF00E31F78 /* WithDrawViewController.m in Sources */ = {isa = PBXBuildFile; fileRef = 65D57D9D19A6EADF00E31F78 /* WithDrawViewController.m */; };
/* End PBXBuildFile section */

/* Begin PBXContainerItemProxy section */
		65D57D8419A6DD8900E31F78 /* PBXContainerItemProxy */ = {
			isa = PBXContainerItemProxy;
			containerPortal = 65D57D6519A6DD8900E31F78 /* Project object */;
			proxyType = 1;
			remoteGlobalIDString = 65D57D6C19A6DD8900E31F78;
			remoteInfo = ThreadDemo;
		};
/* End PBXContainerItemProxy section */

/* Begin PBXFileReference section */
		6517895019A73BA000AE537B /* GCDViewController.h */ = {isa = PBXFileReference; fileEncoding = 4; lastKnownFileType = sourcecode.c.h; path = GCDViewController.h; sourceTree = "<group>"; };
		6517895119A73BA000AE537B /* GCDViewController.m */ = {isa = PBXFileReference; fileEncoding = 4; lastKnownFileType = sourcecode.c.objc; path = GCDViewController.m; sourceTree = "<group>"; };
		6517895419A7460F00AE537B /* NSoperationViewController.h */ = {isa = PBXFileReference; fileEncoding = 4; lastKnownFileType = sourcecode.c.h; path = NSoperationViewController.h; sourceTree = "<group>"; };
		6517895519A7460F00AE537B /* NSoperationViewController.m */ = {isa = PBXFileReference; fileEncoding = 4; lastKnownFileType = sourcecode.c.objc; path = NSoperationViewController.m; sourceTree = "<group>"; };
		65D57D6D19A6DD8900E31F78 /* ThreadDemo.app */ = {isa = PBXFileReference; explicitFileType = wrapper.application; includeInIndex = 0; path = ThreadDemo.app; sourceTree = BUILT_PRODUCTS_DIR; };
		65D57D7119A6DD8900E31F78 /* Info.plist */ = {isa = PBXFileReference; lastKnownFileType = text.plist.xml; path = Info.plist; sourceTree = "<group>"; };
		65D57D7219A6DD8900E31F78 /* main.m */ = {isa = PBXFileReference; lastKnownFileType = sourcecode.c.objc; path = main.m; sourceTree = "<group>"; };
		65D57D7419A6DD8900E31F78 /* AppDelegate.h */ = {isa = PBXFileReference; lastKnownFileType = sourcecode.c.h; path = AppDelegate.h; sourceTree = "<group>"; };
		65D57D7519A6DD8900E31F78 /* AppDelegate.m */ = {isa = PBXFileReference; lastKnownFileType = sourcecode.c.objc; path = AppDelegate.m; sourceTree = "<group>"; };
		65D57D7719A6DD8900E31F78 /* ViewController.h */ = {isa = PBXFileReference; lastKnownFileType = sourcecode.c.h; path = ViewController.h; sourceTree = "<group>"; };
		65D57D7819A6DD8900E31F78 /* ViewController.m */ = {isa = PBXFileReference; lastKnownFileType = sourcecode.c.objc; path = ViewController.m; sourceTree = "<group>"; };
		65D57D7B19A6DD8900E31F78 /* Base */ = {isa = PBXFileReference; lastKnownFileType = file.storyboard; name = Base; path = Base.lproj/Main.storyboard; sourceTree = "<group>"; };
		65D57D7D19A6DD8900E31F78 /* Images.xcassets */ = {isa = PBXFileReference; lastKnownFileType = folder.assetcatalog; path = Images.xcassets; sourceTree = "<group>"; };
		65D57D8319A6DD8900E31F78 /* ThreadDemoTests.xctest */ = {isa = PBXFileReference; explicitFileType = wrapper.cfbundle; includeInIndex = 0; path = ThreadDemoTests.xctest; sourceTree = BUILT_PRODUCTS_DIR; };
		65D57D8819A6DD8900E31F78 /* Info.plist */ = {isa = PBXFileReference; lastKnownFileType = text.plist.xml; path = Info.plist; sourceTree = "<group>"; };
		65D57D8919A6DD8900E31F78 /* ThreadDemoTests.m */ = {isa = PBXFileReference; lastKnownFileType = sourcecode.c.objc; path = ThreadDemoTests.m; sourceTree = "<group>"; };
		65D57D9419A6DDC000E31F78 /* ThreadViewController.h */ = {isa = PBXFileReference; fileEncoding = 4; lastKnownFileType = sourcecode.c.h; path = ThreadViewController.h; sourceTree = "<group>"; };
		65D57D9519A6DDC000E31F78 /* ThreadViewController.m */ = {isa = PBXFileReference; fileEncoding = 4; lastKnownFileType = sourcecode.c.objc; path = ThreadViewController.m; sourceTree = "<group>"; };
		65D57D9719A6DEAF00E31F78 /* GlobalConfig.h */ = {isa = PBXFileReference; fileEncoding = 4; lastKnownFileType = sourcecode.c.h; path = GlobalConfig.h; sourceTree = "<group>"; };
		65D57D9919A6E73A00E31F78 /* FKAccount.h */ = {isa = PBXFileReference; fileEncoding = 4; lastKnownFileType = sourcecode.c.h; path = FKAccount.h; sourceTree = "<group>"; };
		65D57D9A19A6E73A00E31F78 /* FKAccount.m */ = {isa = PBXFileReference; fileEncoding = 4; lastKnownFileType = sourcecode.c.objc; path = FKAccount.m; sourceTree = "<group>"; };
		65D57D9C19A6EADF00E31F78 /* WithDrawViewController.h */ = {isa = PBXFileReference; fileEncoding = 4; lastKnownFileType = sourcecode.c.h; path = WithDrawViewController.h; sourceTree = "<group>"; };
		65D57D9D19A6EADF00E31F78 /* WithDrawViewController.m */ = {isa = PBXFileReference; fileEncoding = 4; lastKnownFileType = sourcecode.c.objc; path = WithDrawViewController.m; sourceTree = "<group>"; };
/* End PBXFileReference section */

/* Begin PBXFrameworksBuildPhase section */
		65D57D6A19A6DD8900E31F78 /* Frameworks */ = {
			isa = PBXFrameworksBuildPhase;
			buildActionMask = 2147483647;
			files = (
			);
			runOnlyForDeploymentPostprocessing = 0;
		};
		65D57D8019A6DD8900E31F78 /* Frameworks */ = {
			isa = PBXFrameworksBuildPhase;
			buildActionMask = 2147483647;
			files = (
			);
			runOnlyForDeploymentPostprocessing = 0;
		};
/* End PBXFrameworksBuildPhase section */

/* Begin PBXGroup section */
		6517894F19A73B8600AE537B /* GCD */ = {
			isa = PBXGroup;
			children = (
				6517895019A73BA000AE537B /* GCDViewController.h */,
				6517895119A73BA000AE537B /* GCDViewController.m */,
			);
			name = GCD;
			sourceTree = "<group>";
		};
		6517895319A7453E00AE537B /* NSOperation */ = {
			isa = PBXGroup;
			children = (
				6517895419A7460F00AE537B /* NSoperationViewController.h */,
				6517895519A7460F00AE537B /* NSoperationViewController.m */,
			);
			name = NSOperation;
			sourceTree = "<group>";
		};
		65D57D6419A6DD8900E31F78 = {
			isa = PBXGroup;
			children = (
				65D57D6F19A6DD8900E31F78 /* ThreadDemo */,
				65D57D8619A6DD8900E31F78 /* ThreadDemoTests */,
				65D57D6E19A6DD8900E31F78 /* Products */,
			);
			sourceTree = "<group>";
		};
		65D57D6E19A6DD8900E31F78 /* Products */ = {
			isa = PBXGroup;
			children = (
				65D57D6D19A6DD8900E31F78 /* ThreadDemo.app */,
				65D57D8319A6DD8900E31F78 /* ThreadDemoTests.xctest */,
			);
			name = Products;
			sourceTree = "<group>";
		};
		65D57D6F19A6DD8900E31F78 /* ThreadDemo */ = {
			isa = PBXGroup;
			children = (
				6517895319A7453E00AE537B /* NSOperation */,
				6517894F19A73B8600AE537B /* GCD */,
				65D57D9819A6E72000E31F78 /* Model */,
				65D57D9319A6DD8D00E31F78 /* Thread */,
				65D57D7419A6DD8900E31F78 /* AppDelegate.h */,
				65D57D7519A6DD8900E31F78 /* AppDelegate.m */,
				65D57D7719A6DD8900E31F78 /* ViewController.h */,
				65D57D7819A6DD8900E31F78 /* ViewController.m */,
				65D57D7A19A6DD8900E31F78 /* Main.storyboard */,
				65D57D7D19A6DD8900E31F78 /* Images.xcassets */,
				65D57D7019A6DD8900E31F78 /* Supporting Files */,
				65D57D9719A6DEAF00E31F78 /* GlobalConfig.h */,
			);
			path = ThreadDemo;
			sourceTree = "<group>";
		};
		65D57D7019A6DD8900E31F78 /* Supporting Files */ = {
			isa = PBXGroup;
			children = (
				65D57D7119A6DD8900E31F78 /* Info.plist */,
				65D57D7219A6DD8900E31F78 /* main.m */,
			);
			name = "Supporting Files";
			sourceTree = "<group>";
		};
		65D57D8619A6DD8900E31F78 /* ThreadDemoTests */ = {
			isa = PBXGroup;
			children = (
				65D57D8919A6DD8900E31F78 /* ThreadDemoTests.m */,
				65D57D8719A6DD8900E31F78 /* Supporting Files */,
			);
			path = ThreadDemoTests;
			sourceTree = "<group>";
		};
		65D57D8719A6DD8900E31F78 /* Supporting Files */ = {
			isa = PBXGroup;
			children = (
				65D57D8819A6DD8900E31F78 /* Info.plist */,
			);
			name = "Supporting Files";
			sourceTree = "<group>";
		};
		65D57D9319A6DD8D00E31F78 /* Thread */ = {
			isa = PBXGroup;
			children = (
				65D57D9419A6DDC000E31F78 /* ThreadViewController.h */,
				65D57D9519A6DDC000E31F78 /* ThreadViewController.m */,
				65D57D9C19A6EADF00E31F78 /* WithDrawViewController.h */,
				65D57D9D19A6EADF00E31F78 /* WithDrawViewController.m */,
			);
			name = Thread;
			sourceTree = "<group>";
		};
		65D57D9819A6E72000E31F78 /* Model */ = {
			isa = PBXGroup;
			children = (
				65D57D9919A6E73A00E31F78 /* FKAccount.h */,
				65D57D9A19A6E73A00E31F78 /* FKAccount.m */,
			);
			name = Model;
			sourceTree = "<group>";
		};
/* End PBXGroup section */

/* Begin PBXNativeTarget section */
		65D57D6C19A6DD8900E31F78 /* ThreadDemo */ = {
			isa = PBXNativeTarget;
			buildConfigurationList = 65D57D8D19A6DD8900E31F78 /* Build configuration list for PBXNativeTarget "ThreadDemo" */;
			buildPhases = (
				65D57D6919A6DD8900E31F78 /* Sources */,
				65D57D6A19A6DD8900E31F78 /* Frameworks */,
				65D57D6B19A6DD8900E31F78 /* Resources */,
			);
			buildRules = (
			);
			dependencies = (
			);
			name = ThreadDemo;
			productName = ThreadDemo;
			productReference = 65D57D6D19A6DD8900E31F78 /* ThreadDemo.app */;
			productType = "com.apple.product-type.application";
		};
		65D57D8219A6DD8900E31F78 /* ThreadDemoTests */ = {
			isa = PBXNativeTarget;
			buildConfigurationList = 65D57D9019A6DD8900E31F78 /* Build configuration list for PBXNativeTarget "ThreadDemoTests" */;
			buildPhases = (
				65D57D7F19A6DD8900E31F78 /* Sources */,
				65D57D8019A6DD8900E31F78 /* Frameworks */,
				65D57D8119A6DD8900E31F78 /* Resources */,
			);
			buildRules = (
			);
			dependencies = (
				65D57D8519A6DD8900E31F78 /* PBXTargetDependency */,
			);
			name = ThreadDemoTests;
			productName = ThreadDemoTests;
			productReference = 65D57D8319A6DD8900E31F78 /* ThreadDemoTests.xctest */;
			productType = "com.apple.product-type.bundle.unit-test";
		};
/* End PBXNativeTarget section */

/* Begin PBXProject section */
		65D57D6519A6DD8900E31F78 /* Project object */ = {
			isa = PBXProject;
			attributes = {
				LastUpgradeCheck = 0600;
				ORGANIZATIONNAME = Andrew;
				TargetAttributes = {
					65D57D6C19A6DD8900E31F78 = {
						CreatedOnToolsVersion = 6.0;
					};
					65D57D8219A6DD8900E31F78 = {
						CreatedOnToolsVersion = 6.0;
						TestTargetID = 65D57D6C19A6DD8900E31F78;
					};
				};
			};
			buildConfigurationList = 65D57D6819A6DD8900E31F78 /* Build configuration list for PBXProject "ThreadDemo" */;
			compatibilityVersion = "Xcode 3.2";
			developmentRegion = English;
			hasScannedForEncodings = 0;
			knownRegions = (
				en,
				Base,
			);
			mainGroup = 65D57D6419A6DD8900E31F78;
			productRefGroup = 65D57D6E19A6DD8900E31F78 /* Products */;
			projectDirPath = "";
			projectRoot = "";
			targets = (
				65D57D6C19A6DD8900E31F78 /* ThreadDemo */,
				65D57D8219A6DD8900E31F78 /* ThreadDemoTests */,
			);
		};
/* End PBXProject section */

/* Begin PBXResourcesBuildPhase section */
		65D57D6B19A6DD8900E31F78 /* Resources */ = {
			isa = PBXResourcesBuildPhase;
			buildActionMask = 2147483647;
			files = (
				65D57D7C19A6DD8900E31F78 /* Main.storyboard in Resources */,
				65D57D7E19A6DD8900E31F78 /* Images.xcassets in Resources */,
			);
			runOnlyForDeploymentPostprocessing = 0;
		};
		65D57D8119A6DD8900E31F78 /* Resources */ = {
			isa = PBXResourcesBuildPhase;
			buildActionMask = 2147483647;
			files = (
			);
			runOnlyForDeploymentPostprocessing = 0;
		};
/* End PBXResourcesBuildPhase section */

/* Begin PBXSourcesBuildPhase section */
		65D57D6919A6DD8900E31F78 /* Sources */ = {
			isa = PBXSourcesBuildPhase;
			buildActionMask = 2147483647;
			files = (
				65D57D9619A6DDC000E31F78 /* ThreadViewController.m in Sources */,
				65D57D9B19A6E73A00E31F78 /* FKAccount.m in Sources */,
				65D57D7919A6DD8900E31F78 /* ViewController.m in Sources */,
				65D57D7619A6DD8900E31F78 /* AppDelegate.m in Sources */,
				6517895219A73BA000AE537B /* GCDViewController.m in Sources */,
				65D57D9E19A6EADF00E31F78 /* WithDrawViewController.m in Sources */,
				65D57D7319A6DD8900E31F78 /* main.m in Sources */,
				6517895619A7460F00AE537B /* NSoperationViewController.m in Sources */,
			);
			runOnlyForDeploymentPostprocessing = 0;
		};
		65D57D7F19A6DD8900E31F78 /* Sources */ = {
			isa = PBXSourcesBuildPhase;
			buildActionMask = 2147483647;
			files = (
				65D57D8A19A6DD8900E31F78 /* ThreadDemoTests.m in Sources */,
			);
			runOnlyForDeploymentPostprocessing = 0;
		};
/* End PBXSourcesBuildPhase section */

/* Begin PBXTargetDependency section */
		65D57D8519A6DD8900E31F78 /* PBXTargetDependency */ = {
			isa = PBXTargetDependency;
			target = 65D57D6C19A6DD8900E31F78 /* ThreadDemo */;
			targetProxy = 65D57D8419A6DD8900E31F78 /* PBXContainerItemProxy */;
		};
/* End PBXTargetDependency section */

/* Begin PBXVariantGroup section */
		65D57D7A19A6DD8900E31F78 /* Main.storyboard */ = {
			isa = PBXVariantGroup;
			children = (
				65D57D7B19A6DD8900E31F78 /* Base */,
			);
			name = Main.storyboard;
			sourceTree = "<group>";
		};
/* End PBXVariantGroup section */

/* Begin XCBuildConfiguration section */
		65D57D8B19A6DD8900E31F78 /* Debug */ = {
			isa = XCBuildConfiguration;
			buildSettings = {
				ALWAYS_SEARCH_USER_PATHS = NO;
				CLANG_CXX_LANGUAGE_STANDARD = "gnu++0x";
				CLANG_CXX_LIBRARY = "libc++";
				CLANG_ENABLE_MODULES = YES;
				CLANG_ENABLE_OBJC_ARC = YES;
				CLANG_WARN_BOOL_CONVERSION = YES;
				CLANG_WARN_CONSTANT_CONVERSION = YES;
				CLANG_WARN_DIRECT_OBJC_ISA_USAGE = YES_ERROR;
				CLANG_WARN_EMPTY_BODY = YES;
				CLANG_WARN_ENUM_CONVERSION = YES;
				CLANG_WARN_INT_CONVERSION = YES;
				CLANG_WARN_OBJC_ROOT_CLASS = YES_ERROR;
				CLANG_WARN_UNREACHABLE_CODE = YES;
				CLANG_WARN__DUPLICATE_METHOD_MATCH = YES;
				"CODE_SIGN_IDENTITY[sdk=iphoneos*]" = "iPhone Developer";
				COPY_PHASE_STRIP = NO;
				ENABLE_STRICT_OBJC_MSGSEND = YES;
				GCC_C_LANGUAGE_STANDARD = gnu99;
				GCC_DYNAMIC_NO_PIC = NO;
				GCC_OPTIMIZATION_LEVEL = 0;
				GCC_PREPROCESSOR_DEFINITIONS = (
					"DEBUG=1",
					"$(inherited)",
				);
				GCC_SYMBOLS_PRIVATE_EXTERN = NO;
				GCC_WARN_64_TO_32_BIT_CONVERSION = YES;
				GCC_WARN_ABOUT_RETURN_TYPE = YES_ERROR;
				GCC_WARN_UNDECLARED_SELECTOR = YES;
				GCC_WARN_UNINITIALIZED_AUTOS = YES_AGGRESSIVE;
				GCC_WARN_UNUSED_FUNCTION = YES;
				GCC_WARN_UNUSED_VARIABLE = YES;
				IPHONEOS_DEPLOYMENT_TARGET = 8.0;
				MTL_ENABLE_DEBUG_INFO = YES;
				ONLY_ACTIVE_ARCH = YES;
				SDKROOT = iphoneos;
			};
			name = Debug;
		};
		65D57D8C19A6DD8900E31F78 /* Release */ = {
			isa = XCBuildConfiguration;
			buildSettings = {
				ALWAYS_SEARCH_USER_PATHS = NO;
				CLANG_CXX_LANGUAGE_STANDARD = "gnu++0x";
				CLANG_CXX_LIBRARY = "libc++";
				CLANG_ENABLE_MODULES = YES;
				CLANG_ENABLE_OBJC_ARC = YES;
				CLANG_WARN_BOOL_CONVERSION = YES;
				CLANG_WARN_CONSTANT_CONVERSION = YES;
				CLANG_WARN_DIRECT_OBJC_ISA_USAGE = YES_ERROR;
				CLANG_WARN_EMPTY_BODY = YES;
				CLANG_WARN_ENUM_CONVERSION = YES;
				CLANG_WARN_INT_CONVERSION = YES;
				CLANG_WARN_OBJC_ROOT_CLASS = YES_ERROR;
				CLANG_WARN_UNREACHABLE_CODE = YES;
				CLANG_WARN__DUPLICATE_METHOD_MATCH = YES;
				"CODE_SIGN_IDENTITY[sdk=iphoneos*]" = "iPhone Developer";
				COPY_PHASE_STRIP = YES;
				ENABLE_NS_ASSERTIONS = NO;
				ENABLE_STRICT_OBJC_MSGSEND = YES;
				GCC_C_LANGUAGE_STANDARD = gnu99;
				GCC_WARN_64_TO_32_BIT_CONVERSION = YES;
				GCC_WARN_ABOUT_RETURN_TYPE = YES_ERROR;
				GCC_WARN_UNDECLARED_SELECTOR = YES;
				GCC_WARN_UNINITIALIZED_AUTOS = YES_AGGRESSIVE;
				GCC_WARN_UNUSED_FUNCTION = YES;
				GCC_WARN_UNUSED_VARIABLE = YES;
				IPHONEOS_DEPLOYMENT_TARGET = 8.0;
				MTL_ENABLE_DEBUG_INFO = NO;
				SDKROOT = iphoneos;
				VALIDATE_PRODUCT = YES;
			};
			name = Release;
		};
		65D57D8E19A6DD8900E31F78 /* Debug */ = {
			isa = XCBuildConfiguration;
			buildSettings = {
				ASSETCATALOG_COMPILER_APPICON_NAME = AppIcon;
				ASSETCATALOG_COMPILER_LAUNCHIMAGE_NAME = LaunchImage;
				CODE_SIGN_IDENTITY = "iPhone Developer: xiao yuanqing (LBRM8EE5HP)";
				INFOPLIST_FILE = ThreadDemo/Info.plist;
				IPHONEOS_DEPLOYMENT_TARGET = 7.0;
				LD_RUNPATH_SEARCH_PATHS = "$(inherited) @executable_path/Frameworks";
				PRODUCT_NAME = "$(TARGET_NAME)";
				PROVISIONING_PROFILE = "556DC497-EA3B-424B-8B43-3F1CBF06F102";
			};
			name = Debug;
		};
		65D57D8F19A6DD8900E31F78 /* Release */ = {
			isa = XCBuildConfiguration;
			buildSettings = {
				ASSETCATALOG_COMPILER_APPICON_NAME = AppIcon;
				ASSETCATALOG_COMPILER_LAUNCHIMAGE_NAME = LaunchImage;
				CODE_SIGN_IDENTITY = "iPhone Developer: xiao yuanqing (LBRM8EE5HP)";
				INFOPLIST_FILE = ThreadDemo/Info.plist;
				IPHONEOS_DEPLOYMENT_TARGET = 7.0;
				LD_RUNPATH_SEARCH_PATHS = "$(inherited) @executable_path/Frameworks";
				PRODUCT_NAME = "$(TARGET_NAME)";
				PROVISIONING_PROFILE = "556DC497-EA3B-424B-8B43-3F1CBF06F102";
			};
			name = Release;
		};
		65D57D9119A6DD8900E31F78 /* Debug */ = {
			isa = XCBuildConfiguration;
			buildSettings = {
				BUNDLE_LOADER = "$(BUILT_PRODUCTS_DIR)/ThreadDemo.app/ThreadDemo";
				FRAMEWORK_SEARCH_PATHS = (
					"$(SDKROOT)/Developer/Library/Frameworks",
					"$(inherited)",
				);
				GCC_PREPROCESSOR_DEFINITIONS = (
					"DEBUG=1",
					"$(inherited)",
				);
				INFOPLIST_FILE = ThreadDemoTests/Info.plist;
				LD_RUNPATH_SEARCH_PATHS = "$(inherited) @executable_path/Frameworks @loader_path/Frameworks";
				PRODUCT_NAME = "$(TARGET_NAME)";
				TEST_HOST = "$(BUNDLE_LOADER)";
			};
			name = Debug;
		};
		65D57D9219A6DD8900E31F78 /* Release */ = {
			isa = XCBuildConfiguration;
			buildSettings = {
				BUNDLE_LOADER = "$(BUILT_PRODUCTS_DIR)/ThreadDemo.app/ThreadDemo";
				FRAMEWORK_SEARCH_PATHS = (
					"$(SDKROOT)/Developer/Library/Frameworks",
					"$(inherited)",
				);
				INFOPLIST_FILE = ThreadDemoTests/Info.plist;
				LD_RUNPATH_SEARCH_PATHS = "$(inherited) @executable_path/Frameworks @loader_path/Frameworks";
				PRODUCT_NAME = "$(TARGET_NAME)";
				TEST_HOST = "$(BUNDLE_LOADER)";
			};
			name = Release;
		};
/* End XCBuildConfiguration section */

/* Begin XCConfigurationList section */
		65D57D6819A6DD8900E31F78 /* Build configuration list for PBXProject "ThreadDemo" */ = {
			isa = XCConfigurationList;
			buildConfigurations = (
				65D57D8B19A6DD8900E31F78 /* Debug */,
				65D57D8C19A6DD8900E31F78 /* Release */,
			);
			defaultConfigurationIsVisible = 0;
			defaultConfigurationName = Release;
		};
		65D57D8D19A6DD8900E31F78 /* Build configuration list for PBXNativeTarget "ThreadDemo" */ = {
			isa = XCConfigurationList;
			buildConfigurations = (
				65D57D8E19A6DD8900E31F78 /* Debug */,
				65D57D8F19A6DD8900E31F78 /* Release */,
			);
			defaultConfigurationIsVisible = 0;
			defaultConfigurationName = Release;
		};
		65D57D9019A6DD8900E31F78 /* Build configuration list for PBXNativeTarget "ThreadDemoTests" */ = {
			isa = XCConfigurationList;
			buildConfigurations = (
				65D57D9119A6DD8900E31F78 /* Debug */,
				65D57D9219A6DD8900E31F78 /* Release */,
			);
			defaultConfigurationIsVisible = 0;
			defaultConfigurationName = Release;
		};
/* End XCConfigurationList section */
	};
	rootObject = 65D57D6519A6DD8900E31F78 /* Project object */;
}
