// !$*UTF8*$!
{
	archiveVersion = 1;
	classes = {
	};
	objectVersion = 46;
	objects = {

/* Begin PBXBuildFile section */
		65C9651A19A43798000B7A54 /* DrawFontViewController.m in Sources */ = {isa = PBXBuildFile; fileRef = 65C9651919A43798000B7A54 /* DrawFontViewController.m */; };
		65C9651D19A437B9000B7A54 /* FKTextView.m in Sources */ = {isa = PBXBuildFile; fileRef = 65C9651C19A437B9000B7A54 /* FKTextView.m */; };
		65C9652119A442F8000B7A54 /* FKArcView.m in Sources */ = {isa = PBXBuildFile; fileRef = 65C9652019A442F8000B7A54 /* FKArcView.m */; };
		65C9652419A443FE000B7A54 /* DrawARCViewController.m in Sources */ = {isa = PBXBuildFile; fileRef = 65C9652319A443FE000B7A54 /* DrawARCViewController.m */; };
		65C9652719A44885000B7A54 /* LineView.m in Sources */ = {isa = PBXBuildFile; fileRef = 65C9652619A44885000B7A54 /* LineView.m */; };
		65C9652A19A4495F000B7A54 /* DrawLineViewController.m in Sources */ = {isa = PBXBuildFile; fileRef = 65C9652919A4495F000B7A54 /* DrawLineViewController.m */; };
		65C9652D19A44DD4000B7A54 /* FKTransformView.m in Sources */ = {isa = PBXBuildFile; fileRef = 65C9652C19A44DD4000B7A54 /* FKTransformView.m */; };
		65C9653319A44EB2000B7A54 /* TransformViewController.m in Sources */ = {isa = PBXBuildFile; fileRef = 65C9653219A44EB2000B7A54 /* TransformViewController.m */; };
		65C9653619A4652B000B7A54 /* FKblendViewController.m in Sources */ = {isa = PBXBuildFile; fileRef = 65C9653519A4652B000B7A54 /* FKblendViewController.m */; };
		65D31DC419A32D9200114843 /* FKViewController.m in Sources */ = {isa = PBXBuildFile; fileRef = 65D31DC319A32D9200114843 /* FKViewController.m */; };
		65D31DC719A32EEB00114843 /* FKDashView.m in Sources */ = {isa = PBXBuildFile; fileRef = 65D31DC619A32EEB00114843 /* FKDashView.m */; };
		65D31DCA19A3471100114843 /* DrawImageViewController.m in Sources */ = {isa = PBXBuildFile; fileRef = 65D31DC919A3471100114843 /* DrawImageViewController.m */; };
		65F9E37819A319FD000505F1 /* Foundation.framework in Frameworks */ = {isa = PBXBuildFile; fileRef = 65F9E37719A319FD000505F1 /* Foundation.framework */; };
		65F9E37A19A319FD000505F1 /* CoreGraphics.framework in Frameworks */ = {isa = PBXBuildFile; fileRef = 65F9E37919A319FD000505F1 /* CoreGraphics.framework */; };
		65F9E37C19A319FD000505F1 /* UIKit.framework in Frameworks */ = {isa = PBXBuildFile; fileRef = 65F9E37B19A319FD000505F1 /* UIKit.framework */; };
		65F9E38219A319FD000505F1 /* InfoPlist.strings in Resources */ = {isa = PBXBuildFile; fileRef = 65F9E38019A319FD000505F1 /* InfoPlist.strings */; };
		65F9E38419A319FD000505F1 /* main.m in Sources */ = {isa = PBXBuildFile; fileRef = 65F9E38319A319FD000505F1 /* main.m */; };
		65F9E38819A319FD000505F1 /* AppDelegate.m in Sources */ = {isa = PBXBuildFile; fileRef = 65F9E38719A319FD000505F1 /* AppDelegate.m */; };
		65F9E38B19A319FD000505F1 /* Main.storyboard in Resources */ = {isa = PBXBuildFile; fileRef = 65F9E38919A319FD000505F1 /* Main.storyboard */; };
		65F9E38E19A319FD000505F1 /* ViewController.m in Sources */ = {isa = PBXBuildFile; fileRef = 65F9E38D19A319FD000505F1 /* ViewController.m */; };
		65F9E39019A319FD000505F1 /* Images.xcassets in Resources */ = {isa = PBXBuildFile; fileRef = 65F9E38F19A319FD000505F1 /* Images.xcassets */; };
		65F9E39719A319FD000505F1 /* XCTest.framework in Frameworks */ = {isa = PBXBuildFile; fileRef = 65F9E39619A319FD000505F1 /* XCTest.framework */; };
		65F9E39819A319FD000505F1 /* Foundation.framework in Frameworks */ = {isa = PBXBuildFile; fileRef = 65F9E37719A319FD000505F1 /* Foundation.framework */; };
		65F9E39919A319FD000505F1 /* UIKit.framework in Frameworks */ = {isa = PBXBuildFile; fileRef = 65F9E37B19A319FD000505F1 /* UIKit.framework */; };
		65F9E3A119A319FD000505F1 /* InfoPlist.strings in Resources */ = {isa = PBXBuildFile; fileRef = 65F9E39F19A319FD000505F1 /* InfoPlist.strings */; };
		65F9E3A319A319FD000505F1 /* GraphDemo1Tests.m in Sources */ = {isa = PBXBuildFile; fileRef = 65F9E3A219A319FD000505F1 /* GraphDemo1Tests.m */; };
		65F9E3AF19A31F6A000505F1 /* View1.m in Sources */ = {isa = PBXBuildFile; fileRef = 65F9E3AE19A31F6A000505F1 /* View1.m */; };
/* End PBXBuildFile section */

/* Begin PBXContainerItemProxy section */
		65F9E39A19A319FD000505F1 /* PBXContainerItemProxy */ = {
			isa = PBXContainerItemProxy;
			containerPortal = 65F9E36C19A319FD000505F1 /* Project object */;
			proxyType = 1;
			remoteGlobalIDString = 65F9E37319A319FD000505F1;
			remoteInfo = GraphDemo1;
		};
/* End PBXContainerItemProxy section */

/* Begin PBXFileReference section */
		65C9651819A43798000B7A54 /* DrawFontViewController.h */ = {isa = PBXFileReference; fileEncoding = 4; lastKnownFileType = sourcecode.c.h; path = DrawFontViewController.h; sourceTree = "<group>"; };
		65C9651919A43798000B7A54 /* DrawFontViewController.m */ = {isa = PBXFileReference; fileEncoding = 4; lastKnownFileType = sourcecode.c.objc; path = DrawFontViewController.m; sourceTree = "<group>"; };
		65C9651B19A437B9000B7A54 /* FKTextView.h */ = {isa = PBXFileReference; fileEncoding = 4; lastKnownFileType = sourcecode.c.h; path = FKTextView.h; sourceTree = "<group>"; };
		65C9651C19A437B9000B7A54 /* FKTextView.m */ = {isa = PBXFileReference; fileEncoding = 4; lastKnownFileType = sourcecode.c.objc; path = FKTextView.m; sourceTree = "<group>"; };
		65C9651F19A442F8000B7A54 /* FKArcView.h */ = {isa = PBXFileReference; fileEncoding = 4; lastKnownFileType = sourcecode.c.h; path = FKArcView.h; sourceTree = "<group>"; };
		65C9652019A442F8000B7A54 /* FKArcView.m */ = {isa = PBXFileReference; fileEncoding = 4; lastKnownFileType = sourcecode.c.objc; path = FKArcView.m; sourceTree = "<group>"; };
		65C9652219A443FE000B7A54 /* DrawARCViewController.h */ = {isa = PBXFileReference; fileEncoding = 4; lastKnownFileType = sourcecode.c.h; path = DrawARCViewController.h; sourceTree = "<group>"; };
		65C9652319A443FE000B7A54 /* DrawARCViewController.m */ = {isa = PBXFileReference; fileEncoding = 4; lastKnownFileType = sourcecode.c.objc; path = DrawARCViewController.m; sourceTree = "<group>"; };
		65C9652519A44885000B7A54 /* LineView.h */ = {isa = PBXFileReference; fileEncoding = 4; lastKnownFileType = sourcecode.c.h; path = LineView.h; sourceTree = "<group>"; };
		65C9652619A44885000B7A54 /* LineView.m */ = {isa = PBXFileReference; fileEncoding = 4; lastKnownFileType = sourcecode.c.objc; path = LineView.m; sourceTree = "<group>"; };
		65C9652819A4495F000B7A54 /* DrawLineViewController.h */ = {isa = PBXFileReference; fileEncoding = 4; lastKnownFileType = sourcecode.c.h; path = DrawLineViewController.h; sourceTree = "<group>"; };
		65C9652919A4495F000B7A54 /* DrawLineViewController.m */ = {isa = PBXFileReference; fileEncoding = 4; lastKnownFileType = sourcecode.c.objc; path = DrawLineViewController.m; sourceTree = "<group>"; };
		65C9652B19A44DD4000B7A54 /* FKTransformView.h */ = {isa = PBXFileReference; fileEncoding = 4; lastKnownFileType = sourcecode.c.h; path = FKTransformView.h; sourceTree = "<group>"; };
		65C9652C19A44DD4000B7A54 /* FKTransformView.m */ = {isa = PBXFileReference; fileEncoding = 4; lastKnownFileType = sourcecode.c.objc; path = FKTransformView.m; sourceTree = "<group>"; };
		65C9653119A44EB2000B7A54 /* TransformViewController.h */ = {isa = PBXFileReference; fileEncoding = 4; lastKnownFileType = sourcecode.c.h; path = TransformViewController.h; sourceTree = "<group>"; };
		65C9653219A44EB2000B7A54 /* TransformViewController.m */ = {isa = PBXFileReference; fileEncoding = 4; lastKnownFileType = sourcecode.c.objc; path = TransformViewController.m; sourceTree = "<group>"; };
		65C9653419A4652B000B7A54 /* FKblendViewController.h */ = {isa = PBXFileReference; fileEncoding = 4; lastKnownFileType = sourcecode.c.h; path = FKblendViewController.h; sourceTree = "<group>"; };
		65C9653519A4652B000B7A54 /* FKblendViewController.m */ = {isa = PBXFileReference; fileEncoding = 4; lastKnownFileType = sourcecode.c.objc; path = FKblendViewController.m; sourceTree = "<group>"; };
		65D31DC219A32D9200114843 /* FKViewController.h */ = {isa = PBXFileReference; fileEncoding = 4; lastKnownFileType = sourcecode.c.h; path = FKViewController.h; sourceTree = "<group>"; };
		65D31DC319A32D9200114843 /* FKViewController.m */ = {isa = PBXFileReference; fileEncoding = 4; lastKnownFileType = sourcecode.c.objc; path = FKViewController.m; sourceTree = "<group>"; };
		65D31DC519A32EEB00114843 /* FKDashView.h */ = {isa = PBXFileReference; fileEncoding = 4; lastKnownFileType = sourcecode.c.h; path = FKDashView.h; sourceTree = "<group>"; };
		65D31DC619A32EEB00114843 /* FKDashView.m */ = {isa = PBXFileReference; fileEncoding = 4; lastKnownFileType = sourcecode.c.objc; path = FKDashView.m; sourceTree = "<group>"; };
		65D31DC819A3471100114843 /* DrawImageViewController.h */ = {isa = PBXFileReference; fileEncoding = 4; lastKnownFileType = sourcecode.c.h; path = DrawImageViewController.h; sourceTree = "<group>"; };
		65D31DC919A3471100114843 /* DrawImageViewController.m */ = {isa = PBXFileReference; fileEncoding = 4; lastKnownFileType = sourcecode.c.objc; path = DrawImageViewController.m; sourceTree = "<group>"; };
		65F9E37419A319FD000505F1 /* GraphDemo1.app */ = {isa = PBXFileReference; explicitFileType = wrapper.application; includeInIndex = 0; path = GraphDemo1.app; sourceTree = BUILT_PRODUCTS_DIR; };
		65F9E37719A319FD000505F1 /* Foundation.framework */ = {isa = PBXFileReference; lastKnownFileType = wrapper.framework; name = Foundation.framework; path = System/Library/Frameworks/Foundation.framework; sourceTree = SDKROOT; };
		65F9E37919A319FD000505F1 /* CoreGraphics.framework */ = {isa = PBXFileReference; lastKnownFileType = wrapper.framework; name = CoreGraphics.framework; path = System/Library/Frameworks/CoreGraphics.framework; sourceTree = SDKROOT; };
		65F9E37B19A319FD000505F1 /* UIKit.framework */ = {isa = PBXFileReference; lastKnownFileType = wrapper.framework; name = UIKit.framework; path = System/Library/Frameworks/UIKit.framework; sourceTree = SDKROOT; };
		65F9E37F19A319FD000505F1 /* GraphDemo1-Info.plist */ = {isa = PBXFileReference; lastKnownFileType = text.plist.xml; path = "GraphDemo1-Info.plist"; sourceTree = "<group>"; };
		65F9E38119A319FD000505F1 /* en */ = {isa = PBXFileReference; lastKnownFileType = text.plist.strings; name = en; path = en.lproj/InfoPlist.strings; sourceTree = "<group>"; };
		65F9E38319A319FD000505F1 /* main.m */ = {isa = PBXFileReference; lastKnownFileType = sourcecode.c.objc; path = main.m; sourceTree = "<group>"; };
		65F9E38519A319FD000505F1 /* GraphDemo1-Prefix.pch */ = {isa = PBXFileReference; lastKnownFileType = sourcecode.c.h; path = "GraphDemo1-Prefix.pch"; sourceTree = "<group>"; };
		65F9E38619A319FD000505F1 /* AppDelegate.h */ = {isa = PBXFileReference; lastKnownFileType = sourcecode.c.h; path = AppDelegate.h; sourceTree = "<group>"; };
		65F9E38719A319FD000505F1 /* AppDelegate.m */ = {isa = PBXFileReference; lastKnownFileType = sourcecode.c.objc; path = AppDelegate.m; sourceTree = "<group>"; };
		65F9E38A19A319FD000505F1 /* Base */ = {isa = PBXFileReference; lastKnownFileType = file.storyboard; name = Base; path = Base.lproj/Main.storyboard; sourceTree = "<group>"; };
		65F9E38C19A319FD000505F1 /* ViewController.h */ = {isa = PBXFileReference; lastKnownFileType = sourcecode.c.h; path = ViewController.h; sourceTree = "<group>"; };
		65F9E38D19A319FD000505F1 /* ViewController.m */ = {isa = PBXFileReference; lastKnownFileType = sourcecode.c.objc; path = ViewController.m; sourceTree = "<group>"; };
		65F9E38F19A319FD000505F1 /* Images.xcassets */ = {isa = PBXFileReference; lastKnownFileType = folder.assetcatalog; path = Images.xcassets; sourceTree = "<group>"; };
		65F9E39519A319FD000505F1 /* GraphDemo1Tests.xctest */ = {isa = PBXFileReference; explicitFileType = wrapper.cfbundle; includeInIndex = 0; path = GraphDemo1Tests.xctest; sourceTree = BUILT_PRODUCTS_DIR; };
		65F9E39619A319FD000505F1 /* XCTest.framework */ = {isa = PBXFileReference; lastKnownFileType = wrapper.framework; name = XCTest.framework; path = Library/Frameworks/XCTest.framework; sourceTree = DEVELOPER_DIR; };
		65F9E39E19A319FD000505F1 /* GraphDemo1Tests-Info.plist */ = {isa = PBXFileReference; lastKnownFileType = text.plist.xml; path = "GraphDemo1Tests-Info.plist"; sourceTree = "<group>"; };
		65F9E3A019A319FD000505F1 /* en */ = {isa = PBXFileReference; lastKnownFileType = text.plist.strings; name = en; path = en.lproj/InfoPlist.strings; sourceTree = "<group>"; };
		65F9E3A219A319FD000505F1 /* GraphDemo1Tests.m */ = {isa = PBXFileReference; lastKnownFileType = sourcecode.c.objc; path = GraphDemo1Tests.m; sourceTree = "<group>"; };
		65F9E3AD19A31F6A000505F1 /* View1.h */ = {isa = PBXFileReference; fileEncoding = 4; lastKnownFileType = sourcecode.c.h; path = View1.h; sourceTree = "<group>"; };
		65F9E3AE19A31F6A000505F1 /* View1.m */ = {isa = PBXFileReference; fileEncoding = 4; lastKnownFileType = sourcecode.c.objc; path = View1.m; sourceTree = "<group>"; };
/* End PBXFileReference section */

/* Begin PBXFrameworksBuildPhase section */
		65F9E37119A319FD000505F1 /* Frameworks */ = {
			isa = PBXFrameworksBuildPhase;
			buildActionMask = 2147483647;
			files = (
				65F9E37A19A319FD000505F1 /* CoreGraphics.framework in Frameworks */,
				65F9E37C19A319FD000505F1 /* UIKit.framework in Frameworks */,
				65F9E37819A319FD000505F1 /* Foundation.framework in Frameworks */,
			);
			runOnlyForDeploymentPostprocessing = 0;
		};
		65F9E39219A319FD000505F1 /* Frameworks */ = {
			isa = PBXFrameworksBuildPhase;
			buildActionMask = 2147483647;
			files = (
				65F9E39719A319FD000505F1 /* XCTest.framework in Frameworks */,
				65F9E39919A319FD000505F1 /* UIKit.framework in Frameworks */,
				65F9E39819A319FD000505F1 /* Foundation.framework in Frameworks */,
			);
			runOnlyForDeploymentPostprocessing = 0;
		};
/* End PBXFrameworksBuildPhase section */

/* Begin PBXGroup section */
		65C9651E19A44251000B7A54 /* Paths */ = {
			isa = PBXGroup;
			children = (
				65C9652219A443FE000B7A54 /* DrawARCViewController.h */,
				65C9652319A443FE000B7A54 /* DrawARCViewController.m */,
				65C9652819A4495F000B7A54 /* DrawLineViewController.h */,
				65C9652919A4495F000B7A54 /* DrawLineViewController.m */,
				65C9653119A44EB2000B7A54 /* TransformViewController.h */,
				65C9653219A44EB2000B7A54 /* TransformViewController.m */,
			);
			name = Paths;
			sourceTree = "<group>";
		};
		65F9E36B19A319FD000505F1 = {
			isa = PBXGroup;
			children = (
				65F9E37D19A319FD000505F1 /* GraphDemo1 */,
				65F9E39C19A319FD000505F1 /* GraphDemo1Tests */,
				65F9E37619A319FD000505F1 /* Frameworks */,
				65F9E37519A319FD000505F1 /* Products */,
			);
			sourceTree = "<group>";
		};
		65F9E37519A319FD000505F1 /* Products */ = {
			isa = PBXGroup;
			children = (
				65F9E37419A319FD000505F1 /* GraphDemo1.app */,
				65F9E39519A319FD000505F1 /* GraphDemo1Tests.xctest */,
			);
			name = Products;
			sourceTree = "<group>";
		};
		65F9E37619A319FD000505F1 /* Frameworks */ = {
			isa = PBXGroup;
			children = (
				65F9E37719A319FD000505F1 /* Foundation.framework */,
				65F9E37919A319FD000505F1 /* CoreGraphics.framework */,
				65F9E37B19A319FD000505F1 /* UIKit.framework */,
				65F9E39619A319FD000505F1 /* XCTest.framework */,
			);
			name = Frameworks;
			sourceTree = "<group>";
		};
		65F9E37D19A319FD000505F1 /* GraphDemo1 */ = {
			isa = PBXGroup;
			children = (
				65C9651E19A44251000B7A54 /* Paths */,
				65F9E3AC19A31F58000505F1 /* Views */,
				65F9E38619A319FD000505F1 /* AppDelegate.h */,
				65F9E38719A319FD000505F1 /* AppDelegate.m */,
				65F9E38919A319FD000505F1 /* Main.storyboard */,
				65F9E38C19A319FD000505F1 /* ViewController.h */,
				65F9E38D19A319FD000505F1 /* ViewController.m */,
				65F9E38F19A319FD000505F1 /* Images.xcassets */,
				65F9E37E19A319FD000505F1 /* Supporting Files */,
				65D31DC219A32D9200114843 /* FKViewController.h */,
				65D31DC319A32D9200114843 /* FKViewController.m */,
				65D31DC519A32EEB00114843 /* FKDashView.h */,
				65D31DC619A32EEB00114843 /* FKDashView.m */,
				65D31DC819A3471100114843 /* DrawImageViewController.h */,
				65D31DC919A3471100114843 /* DrawImageViewController.m */,
				65C9651819A43798000B7A54 /* DrawFontViewController.h */,
				65C9651919A43798000B7A54 /* DrawFontViewController.m */,
				65C9653419A4652B000B7A54 /* FKblendViewController.h */,
				65C9653519A4652B000B7A54 /* FKblendViewController.m */,
			);
			path = GraphDemo1;
			sourceTree = "<group>";
		};
		65F9E37E19A319FD000505F1 /* Supporting Files */ = {
			isa = PBXGroup;
			children = (
				65F9E37F19A319FD000505F1 /* GraphDemo1-Info.plist */,
				65F9E38019A319FD000505F1 /* InfoPlist.strings */,
				65F9E38319A319FD000505F1 /* main.m */,
				65F9E38519A319FD000505F1 /* GraphDemo1-Prefix.pch */,
			);
			name = "Supporting Files";
			sourceTree = "<group>";
		};
		65F9E39C19A319FD000505F1 /* GraphDemo1Tests */ = {
			isa = PBXGroup;
			children = (
				65F9E3A219A319FD000505F1 /* GraphDemo1Tests.m */,
				65F9E39D19A319FD000505F1 /* Supporting Files */,
			);
			path = GraphDemo1Tests;
			sourceTree = "<group>";
		};
		65F9E39D19A319FD000505F1 /* Supporting Files */ = {
			isa = PBXGroup;
			children = (
				65F9E39E19A319FD000505F1 /* GraphDemo1Tests-Info.plist */,
				65F9E39F19A319FD000505F1 /* InfoPlist.strings */,
			);
			name = "Supporting Files";
			sourceTree = "<group>";
		};
		65F9E3AC19A31F58000505F1 /* Views */ = {
			isa = PBXGroup;
			children = (
				65F9E3AD19A31F6A000505F1 /* View1.h */,
				65F9E3AE19A31F6A000505F1 /* View1.m */,
				65C9651B19A437B9000B7A54 /* FKTextView.h */,
				65C9651C19A437B9000B7A54 /* FKTextView.m */,
				65C9651F19A442F8000B7A54 /* FKArcView.h */,
				65C9652019A442F8000B7A54 /* FKArcView.m */,
				65C9652519A44885000B7A54 /* LineView.h */,
				65C9652619A44885000B7A54 /* LineView.m */,
				65C9652B19A44DD4000B7A54 /* FKTransformView.h */,
				65C9652C19A44DD4000B7A54 /* FKTransformView.m */,
			);
			name = Views;
			sourceTree = "<group>";
		};
/* End PBXGroup section */

/* Begin PBXNativeTarget section */
		65F9E37319A319FD000505F1 /* GraphDemo1 */ = {
			isa = PBXNativeTarget;
			buildConfigurationList = 65F9E3A619A319FD000505F1 /* Build configuration list for PBXNativeTarget "GraphDemo1" */;
			buildPhases = (
				65F9E37019A319FD000505F1 /* Sources */,
				65F9E37119A319FD000505F1 /* Frameworks */,
				65F9E37219A319FD000505F1 /* Resources */,
			);
			buildRules = (
			);
			dependencies = (
			);
			name = GraphDemo1;
			productName = GraphDemo1;
			productReference = 65F9E37419A319FD000505F1 /* GraphDemo1.app */;
			productType = "com.apple.product-type.application";
		};
		65F9E39419A319FD000505F1 /* GraphDemo1Tests */ = {
			isa = PBXNativeTarget;
			buildConfigurationList = 65F9E3A919A319FD000505F1 /* Build configuration list for PBXNativeTarget "GraphDemo1Tests" */;
			buildPhases = (
				65F9E39119A319FD000505F1 /* Sources */,
				65F9E39219A319FD000505F1 /* Frameworks */,
				65F9E39319A319FD000505F1 /* Resources */,
			);
			buildRules = (
			);
			dependencies = (
				65F9E39B19A319FD000505F1 /* PBXTargetDependency */,
			);
			name = GraphDemo1Tests;
			productName = GraphDemo1Tests;
			productReference = 65F9E39519A319FD000505F1 /* GraphDemo1Tests.xctest */;
			productType = "com.apple.product-type.bundle.unit-test";
		};
/* End PBXNativeTarget section */

/* Begin PBXProject section */
		65F9E36C19A319FD000505F1 /* Project object */ = {
			isa = PBXProject;
			attributes = {
				LastUpgradeCheck = 0510;
				ORGANIZATIONNAME = Andrew;
				TargetAttributes = {
					65F9E39419A319FD000505F1 = {
						TestTargetID = 65F9E37319A319FD000505F1;
					};
				};
			};
			buildConfigurationList = 65F9E36F19A319FD000505F1 /* Build configuration list for PBXProject "GraphDemo1" */;
			compatibilityVersion = "Xcode 3.2";
			developmentRegion = English;
			hasScannedForEncodings = 0;
			knownRegions = (
				en,
				Base,
			);
			mainGroup = 65F9E36B19A319FD000505F1;
			productRefGroup = 65F9E37519A319FD000505F1 /* Products */;
			projectDirPath = "";
			projectRoot = "";
			targets = (
				65F9E37319A319FD000505F1 /* GraphDemo1 */,
				65F9E39419A319FD000505F1 /* GraphDemo1Tests */,
			);
		};
/* End PBXProject section */

/* Begin PBXResourcesBuildPhase section */
		65F9E37219A319FD000505F1 /* Resources */ = {
			isa = PBXResourcesBuildPhase;
			buildActionMask = 2147483647;
			files = (
				65F9E39019A319FD000505F1 /* Images.xcassets in Resources */,
				65F9E38219A319FD000505F1 /* InfoPlist.strings in Resources */,
				65F9E38B19A319FD000505F1 /* Main.storyboard in Resources */,
			);
			runOnlyForDeploymentPostprocessing = 0;
		};
		65F9E39319A319FD000505F1 /* Resources */ = {
			isa = PBXResourcesBuildPhase;
			buildActionMask = 2147483647;
			files = (
				65F9E3A119A319FD000505F1 /* InfoPlist.strings in Resources */,
			);
			runOnlyForDeploymentPostprocessing = 0;
		};
/* End PBXResourcesBuildPhase section */

/* Begin PBXSourcesBuildPhase section */
		65F9E37019A319FD000505F1 /* Sources */ = {
			isa = PBXSourcesBuildPhase;
			buildActionMask = 2147483647;
			files = (
				65C9653319A44EB2000B7A54 /* TransformViewController.m in Sources */,
				65C9651D19A437B9000B7A54 /* FKTextView.m in Sources */,
				65F9E38E19A319FD000505F1 /* ViewController.m in Sources */,
				65F9E38819A319FD000505F1 /* AppDelegate.m in Sources */,
				65C9652419A443FE000B7A54 /* DrawARCViewController.m in Sources */,
				65F9E3AF19A31F6A000505F1 /* View1.m in Sources */,
				65D31DC719A32EEB00114843 /* FKDashView.m in Sources */,
				65C9653619A4652B000B7A54 /* FKblendViewController.m in Sources */,
				65F9E38419A319FD000505F1 /* main.m in Sources */,
				65C9652A19A4495F000B7A54 /* DrawLineViewController.m in Sources */,
				65C9652119A442F8000B7A54 /* FKArcView.m in Sources */,
				65C9652719A44885000B7A54 /* LineView.m in Sources */,
				65C9652D19A44DD4000B7A54 /* FKTransformView.m in Sources */,
				65D31DC419A32D9200114843 /* FKViewController.m in Sources */,
				65D31DCA19A3471100114843 /* DrawImageViewController.m in Sources */,
				65C9651A19A43798000B7A54 /* DrawFontViewController.m in Sources */,
			);
			runOnlyForDeploymentPostprocessing = 0;
		};
		65F9E39119A319FD000505F1 /* Sources */ = {
			isa = PBXSourcesBuildPhase;
			buildActionMask = 2147483647;
			files = (
				65F9E3A319A319FD000505F1 /* GraphDemo1Tests.m in Sources */,
			);
			runOnlyForDeploymentPostprocessing = 0;
		};
/* End PBXSourcesBuildPhase section */

/* Begin PBXTargetDependency section */
		65F9E39B19A319FD000505F1 /* PBXTargetDependency */ = {
			isa = PBXTargetDependency;
			target = 65F9E37319A319FD000505F1 /* GraphDemo1 */;
			targetProxy = 65F9E39A19A319FD000505F1 /* PBXContainerItemProxy */;
		};
/* End PBXTargetDependency section */

/* Begin PBXVariantGroup section */
		65F9E38019A319FD000505F1 /* InfoPlist.strings */ = {
			isa = PBXVariantGroup;
			children = (
				65F9E38119A319FD000505F1 /* en */,
			);
			name = InfoPlist.strings;
			sourceTree = "<group>";
		};
		65F9E38919A319FD000505F1 /* Main.storyboard */ = {
			isa = PBXVariantGroup;
			children = (
				65F9E38A19A319FD000505F1 /* Base */,
			);
			name = Main.storyboard;
			sourceTree = "<group>";
		};
		65F9E39F19A319FD000505F1 /* InfoPlist.strings */ = {
			isa = PBXVariantGroup;
			children = (
				65F9E3A019A319FD000505F1 /* en */,
			);
			name = InfoPlist.strings;
			sourceTree = "<group>";
		};
/* End PBXVariantGroup section */

/* Begin XCBuildConfiguration section */
		65F9E3A419A319FD000505F1 /* Debug */ = {
			isa = XCBuildConfiguration;
			buildSettings = {
				ALWAYS_SEARCH_USER_PATHS = NO;
				CLANG_CXX_LANGUAGE_STANDARD = "gnu++0x";
				CLANG_CXX_LIBRARY = "libc++";
				CLANG_ENABLE_MODULES = YES;
				CLANG_ENABLE_OBJC_ARC = YES;
				CLANG_WARN_BOOL_CONVERSION = YES;
				CLANG_WARN_CONSTANT_CONVERSION = YES;
				CLANG_WARN_DIRECT_OBJC_ISA_USAGE = YES_ERROR;
				CLANG_WARN_EMPTY_BODY = YES;
				CLANG_WARN_ENUM_CONVERSION = YES;
				CLANG_WARN_INT_CONVERSION = YES;
				CLANG_WARN_OBJC_ROOT_CLASS = YES_ERROR;
				CLANG_WARN__DUPLICATE_METHOD_MATCH = YES;
				"CODE_SIGN_IDENTITY[sdk=iphoneos*]" = "iPhone Developer";
				COPY_PHASE_STRIP = NO;
				GCC_C_LANGUAGE_STANDARD = gnu99;
				GCC_DYNAMIC_NO_PIC = NO;
				GCC_OPTIMIZATION_LEVEL = 0;
				GCC_PREPROCESSOR_DEFINITIONS = (
					"DEBUG=1",
					"$(inherited)",
				);
				GCC_SYMBOLS_PRIVATE_EXTERN = NO;
				GCC_WARN_64_TO_32_BIT_CONVERSION = YES;
				GCC_WARN_ABOUT_RETURN_TYPE = YES_ERROR;
				GCC_WARN_UNDECLARED_SELECTOR = YES;
				GCC_WARN_UNINITIALIZED_AUTOS = YES_AGGRESSIVE;
				GCC_WARN_UNUSED_FUNCTION = YES;
				GCC_WARN_UNUSED_VARIABLE = YES;
				IPHONEOS_DEPLOYMENT_TARGET = 7.1;
				ONLY_ACTIVE_ARCH = YES;
				SDKROOT = iphoneos;
			};
			name = Debug;
		};
		65F9E3A519A319FD000505F1 /* Release */ = {
			isa = XCBuildConfiguration;
			buildSettings = {
				ALWAYS_SEARCH_USER_PATHS = NO;
				CLANG_CXX_LANGUAGE_STANDARD = "gnu++0x";
				CLANG_CXX_LIBRARY = "libc++";
				CLANG_ENABLE_MODULES = YES;
				CLANG_ENABLE_OBJC_ARC = YES;
				CLANG_WARN_BOOL_CONVERSION = YES;
				CLANG_WARN_CONSTANT_CONVERSION = YES;
				CLANG_WARN_DIRECT_OBJC_ISA_USAGE = YES_ERROR;
				CLANG_WARN_EMPTY_BODY = YES;
				CLANG_WARN_ENUM_CONVERSION = YES;
				CLANG_WARN_INT_CONVERSION = YES;
				CLANG_WARN_OBJC_ROOT_CLASS = YES_ERROR;
				CLANG_WARN__DUPLICATE_METHOD_MATCH = YES;
				"CODE_SIGN_IDENTITY[sdk=iphoneos*]" = "iPhone Developer";
				COPY_PHASE_STRIP = YES;
				ENABLE_NS_ASSERTIONS = NO;
				GCC_C_LANGUAGE_STANDARD = gnu99;
				GCC_WARN_64_TO_32_BIT_CONVERSION = YES;
				GCC_WARN_ABOUT_RETURN_TYPE = YES_ERROR;
				GCC_WARN_UNDECLARED_SELECTOR = YES;
				GCC_WARN_UNINITIALIZED_AUTOS = YES_AGGRESSIVE;
				GCC_WARN_UNUSED_FUNCTION = YES;
				GCC_WARN_UNUSED_VARIABLE = YES;
				IPHONEOS_DEPLOYMENT_TARGET = 7.1;
				SDKROOT = iphoneos;
				VALIDATE_PRODUCT = YES;
			};
			name = Release;
		};
		65F9E3A719A319FD000505F1 /* Debug */ = {
			isa = XCBuildConfiguration;
			buildSettings = {
				ASSETCATALOG_COMPILER_APPICON_NAME = AppIcon;
				ASSETCATALOG_COMPILER_LAUNCHIMAGE_NAME = LaunchImage;
				GCC_PRECOMPILE_PREFIX_HEADER = YES;
				GCC_PREFIX_HEADER = "GraphDemo1/GraphDemo1-Prefix.pch";
				INFOPLIST_FILE = "GraphDemo1/GraphDemo1-Info.plist";
				PRODUCT_NAME = "$(TARGET_NAME)";
				WRAPPER_EXTENSION = app;
			};
			name = Debug;
		};
		65F9E3A819A319FD000505F1 /* Release */ = {
			isa = XCBuildConfiguration;
			buildSettings = {
				ASSETCATALOG_COMPILER_APPICON_NAME = AppIcon;
				ASSETCATALOG_COMPILER_LAUNCHIMAGE_NAME = LaunchImage;
				GCC_PRECOMPILE_PREFIX_HEADER = YES;
				GCC_PREFIX_HEADER = "GraphDemo1/GraphDemo1-Prefix.pch";
				INFOPLIST_FILE = "GraphDemo1/GraphDemo1-Info.plist";
				PRODUCT_NAME = "$(TARGET_NAME)";
				WRAPPER_EXTENSION = app;
			};
			name = Release;
		};
		65F9E3AA19A319FD000505F1 /* Debug */ = {
			isa = XCBuildConfiguration;
			buildSettings = {
				BUNDLE_LOADER = "$(BUILT_PRODUCTS_DIR)/GraphDemo1.app/GraphDemo1";
				FRAMEWORK_SEARCH_PATHS = (
					"$(SDKROOT)/Developer/Library/Frameworks",
					"$(inherited)",
					"$(DEVELOPER_FRAMEWORKS_DIR)",
				);
				GCC_PRECOMPILE_PREFIX_HEADER = YES;
				GCC_PREFIX_HEADER = "GraphDemo1/GraphDemo1-Prefix.pch";
				GCC_PREPROCESSOR_DEFINITIONS = (
					"DEBUG=1",
					"$(inherited)",
				);
				INFOPLIST_FILE = "GraphDemo1Tests/GraphDemo1Tests-Info.plist";
				PRODUCT_NAME = "$(TARGET_NAME)";
				TEST_HOST = "$(BUNDLE_LOADER)";
				WRAPPER_EXTENSION = xctest;
			};
			name = Debug;
		};
		65F9E3AB19A319FD000505F1 /* Release */ = {
			isa = XCBuildConfiguration;
			buildSettings = {
				BUNDLE_LOADER = "$(BUILT_PRODUCTS_DIR)/GraphDemo1.app/GraphDemo1";
				FRAMEWORK_SEARCH_PATHS = (
					"$(SDKROOT)/Developer/Library/Frameworks",
					"$(inherited)",
					"$(DEVELOPER_FRAMEWORKS_DIR)",
				);
				GCC_PRECOMPILE_PREFIX_HEADER = YES;
				GCC_PREFIX_HEADER = "GraphDemo1/GraphDemo1-Prefix.pch";
				INFOPLIST_FILE = "GraphDemo1Tests/GraphDemo1Tests-Info.plist";
				PRODUCT_NAME = "$(TARGET_NAME)";
				TEST_HOST = "$(BUNDLE_LOADER)";
				WRAPPER_EXTENSION = xctest;
			};
			name = Release;
		};
/* End XCBuildConfiguration section */

/* Begin XCConfigurationList section */
		65F9E36F19A319FD000505F1 /* Build configuration list for PBXProject "GraphDemo1" */ = {
			isa = XCConfigurationList;
			buildConfigurations = (
				65F9E3A419A319FD000505F1 /* Debug */,
				65F9E3A519A319FD000505F1 /* Release */,
			);
			defaultConfigurationIsVisible = 0;
			defaultConfigurationName = Release;
		};
		65F9E3A619A319FD000505F1 /* Build configuration list for PBXNativeTarget "GraphDemo1" */ = {
			isa = XCConfigurationList;
			buildConfigurations = (
				65F9E3A719A319FD000505F1 /* Debug */,
				65F9E3A819A319FD000505F1 /* Release */,
			);
			defaultConfigurationIsVisible = 0;
			defaultConfigurationName = Release;
		};
		65F9E3A919A319FD000505F1 /* Build configuration list for PBXNativeTarget "GraphDemo1Tests" */ = {
			isa = XCConfigurationList;
			buildConfigurations = (
				65F9E3AA19A319FD000505F1 /* Debug */,
				65F9E3AB19A319FD000505F1 /* Release */,
			);
			defaultConfigurationIsVisible = 0;
			defaultConfigurationName = Release;
		};
/* End XCConfigurationList section */
	};
	rootObject = 65F9E36C19A319FD000505F1 /* Project object */;
}
